
Microsoft Visual Studio Solution File, Format Version 12.00
# Visual Studio Version 17
VisualStudioVersion = 17.5.33530.505
MinimumVisualStudioVersion = 10.0.40219.1
Project("{8BC9CEB8-8B4A-11D0-8D11-00A0C91BC942}") = "3D_API", "3D_API\3D_API.vcxproj", "{3F47B2C2-7433-442B-B2F1-6306D1B4C9ED}"
EndProject
Global
	GlobalSection(SolutionConfigurationPlatforms) = preSolution
		Debug|x64 = Debug|x64
		Debug|x86 = Debug|x86
		Release|x64 = Release|x64
		Release|x86 = Release|x86
	EndGlobalSection
	GlobalSection(ProjectConfigurationPlatforms) = postSolution
		{3F47B2C2-7433-442B-B2F1-6306D1B4C9ED}.Debug|x64.ActiveCfg = Debug|x64
		{3F47B2C2-7433-442B-B2F1-6306D1B4C9ED}.Debug|x64.Build.0 = Debug|x64
		{3F47B2C2-7433-442B-B2F1-6306D1B4C9ED}.Debug|x86.ActiveCfg = Debug|Win32
		{3F47B2C2-7433-442B-B2F1-6306D1B4C9ED}.Debug|x86.Build.0 = Debug|Win32
		{3F47B2C2-7433-442B-B2F1-6306D1B4C9ED}.Release|x64.ActiveCfg = Release|x64
		{3F47B2C2-7433-442B-B2F1-6306D1B4C9ED}.Release|x64.Build.0 = Release|x64
		{3F47B2C2-7433-442B-B2F1-6306D1B4C9ED}.Release|x86.ActiveCfg = Release|Win32
		{3F47B2C2-7433-442B-B2F1-6306D1B4C9ED}.Release|x86.Build.0 = Release|Win32
	EndGlobalSection
	GlobalSection(SolutionProperties) = preSolution
		HideSolutionNode = FALSE
	EndGlobalSection
	GlobalSection(ExtensibilityGlobals) = postSolution
		SolutionGuid = {47F0BDF6-3879-4875-AE66-DE8FB790A934}
	EndGlobalSection
EndGlobal
